
Microsoft Visual Studio Solution File, Format Version 12.00
# Visual Studio Version 17
VisualStudioVersion = 17.4.33110.190
MinimumVisualStudioVersion = 10.0.40219.1
Project("{FAE04EC0-301F-11D3-BF4B-00C04F79EFBC}") = "itlapr.DAL", "itlapr.DAL\itlapr.DAL.csproj", "{C6FC5322-B13C-466F-8D19-68DCE7A4C57D}"
EndProject
Project("{2150E333-8FDC-42A3-9474-1A3956D46DE8}") = "DAL", "DAL", "{AD4FCCD1-2C35-4C62-B4CE-B394E082DA33}"
EndProject
Project("{2150E333-8FDC-42A3-9474-1A3956D46DE8}") = "BLL", "BLL", "{FBB72794-094D-472E-A1BD-5C5238C07E92}"
EndProject
Project("{FAE04EC0-301F-11D3-BF4B-00C04F79EFBC}") = "itlapr.BLL", "itlapr.BLL\itlapr.BLL.csproj", "{08C48374-7938-4FAE-82C3-4560DF1469D6}"
EndProject
Project("{2150E333-8FDC-42A3-9474-1A3956D46DE8}") = "API", "API", "{BE271B8E-1B6F-4F31-ADC2-AC0AE56E0700}"
EndProject
Project("{FAE04EC0-301F-11D3-BF4B-00C04F79EFBC}") = "itlapr.API", "itlapr.API\itlapr.API.csproj", "{61DD26BA-5936-44F3-96FD-5FC8AB1BE2EC}"
EndProject
Project("{2150E333-8FDC-42A3-9474-1A3956D46DE8}") = "PRE", "PRE", "{1136A34C-91F2-4EBC-9B36-4F3468A0198B}"
EndProject
Project("{FAE04EC0-301F-11D3-BF4B-00C04F79EFBC}") = "itlapr.Web", "itlapr.Web\itlapr.Web.csproj", "{710BE9D9-5CD3-4067-B73B-A2168BD4157B}"
EndProject
Project("{2150E333-8FDC-42A3-9474-1A3956D46DE8}") = "TEST", "TEST", "{DB3DFCF8-1D0C-4491-ACBD-8212669AF600}"
EndProject
Project("{FAE04EC0-301F-11D3-BF4B-00C04F79EFBC}") = "itlapr.Test", "itlapr.Test\itlapr.Test.csproj", "{95FABC16-B60F-48EE-855A-14483E055C2A}"
EndProject
Global
	GlobalSection(SolutionConfigurationPlatforms) = preSolution
		Debug|Any CPU = Debug|Any CPU
		Release|Any CPU = Release|Any CPU
	EndGlobalSection
	GlobalSection(ProjectConfigurationPlatforms) = postSolution
		{C6FC5322-B13C-466F-8D19-68DCE7A4C57D}.Debug|Any CPU.ActiveCfg = Debug|Any CPU
		{C6FC5322-B13C-466F-8D19-68DCE7A4C57D}.Debug|Any CPU.Build.0 = Debug|Any CPU
		{C6FC5322-B13C-466F-8D19-68DCE7A4C57D}.Release|Any CPU.ActiveCfg = Release|Any CPU
		{C6FC5322-B13C-466F-8D19-68DCE7A4C57D}.Release|Any CPU.Build.0 = Release|Any CPU
		{08C48374-7938-4FAE-82C3-4560DF1469D6}.Debug|Any CPU.ActiveCfg = Debug|Any CPU
		{08C48374-7938-4FAE-82C3-4560DF1469D6}.Debug|Any CPU.Build.0 = Debug|Any CPU
		{08C48374-7938-4FAE-82C3-4560DF1469D6}.Release|Any CPU.ActiveCfg = Release|Any CPU
		{08C48374-7938-4FAE-82C3-4560DF1469D6}.Release|Any CPU.Build.0 = Release|Any CPU
		{61DD26BA-5936-44F3-96FD-5FC8AB1BE2EC}.Debug|Any CPU.ActiveCfg = Debug|Any CPU
		{61DD26BA-5936-44F3-96FD-5FC8AB1BE2EC}.Debug|Any CPU.Build.0 = Debug|Any CPU
		{61DD26BA-5936-44F3-96FD-5FC8AB1BE2EC}.Release|Any CPU.ActiveCfg = Release|Any CPU
		{61DD26BA-5936-44F3-96FD-5FC8AB1BE2EC}.Release|Any CPU.Build.0 = Release|Any CPU
		{710BE9D9-5CD3-4067-B73B-A2168BD4157B}.Debug|Any CPU.ActiveCfg = Debug|Any CPU
		{710BE9D9-5CD3-4067-B73B-A2168BD4157B}.Debug|Any CPU.Build.0 = Debug|Any CPU
		{710BE9D9-5CD3-4067-B73B-A2168BD4157B}.Release|Any CPU.ActiveCfg = Release|Any CPU
		{710BE9D9-5CD3-4067-B73B-A2168BD4157B}.Release|Any CPU.Build.0 = Release|Any CPU
		{95FABC16-B60F-48EE-855A-14483E055C2A}.Debug|Any CPU.ActiveCfg = Debug|Any CPU
		{95FABC16-B60F-48EE-855A-14483E055C2A}.Debug|Any CPU.Build.0 = Debug|Any CPU
		{95FABC16-B60F-48EE-855A-14483E055C2A}.Release|Any CPU.ActiveCfg = Release|Any CPU
		{95FABC16-B60F-48EE-855A-14483E055C2A}.Release|Any CPU.Build.0 = Release|Any CPU
	EndGlobalSection
	GlobalSection(SolutionProperties) = preSolution
		HideSolutionNode = FALSE
	EndGlobalSection
	GlobalSection(NestedProjects) = preSolution
		{C6FC5322-B13C-466F-8D19-68DCE7A4C57D} = {AD4FCCD1-2C35-4C62-B4CE-B394E082DA33}
		{08C48374-7938-4FAE-82C3-4560DF1469D6} = {FBB72794-094D-472E-A1BD-5C5238C07E92}
		{61DD26BA-5936-44F3-96FD-5FC8AB1BE2EC} = {BE271B8E-1B6F-4F31-ADC2-AC0AE56E0700}
		{710BE9D9-5CD3-4067-B73B-A2168BD4157B} = {1136A34C-91F2-4EBC-9B36-4F3468A0198B}
		{95FABC16-B60F-48EE-855A-14483E055C2A} = {DB3DFCF8-1D0C-4491-ACBD-8212669AF600}
	EndGlobalSection
	GlobalSection(ExtensibilityGlobals) = postSolution
		SolutionGuid = {3871172E-3F15-4E44-B892-7CB53E00D3E5}
	EndGlobalSection
EndGlobal
